// !$*UTF8*$!
{
	archiveVersion = 1;
	classes = {
	};
	objectVersion = 46;
	objects = {

/* Begin PBXBuildFile section */
		BD77F8501D2D930600F0CF42 /* AppDelegate.swift in Sources */ = {isa = PBXBuildFile; fileRef = BD77F84F1D2D930600F0CF42 /* AppDelegate.swift */; };
		BD77F8521D2D930600F0CF42 /* ViewController.swift in Sources */ = {isa = PBXBuildFile; fileRef = BD77F8511D2D930600F0CF42 /* ViewController.swift */; };
		BD77F8551D2D930600F0CF42 /* Main.storyboard in Resources */ = {isa = PBXBuildFile; fileRef = BD77F8531D2D930600F0CF42 /* Main.storyboard */; };
		BD77F8581D2D930600F0CF42 /* interfaceLab3.xcdatamodeld in Sources */ = {isa = PBXBuildFile; fileRef = BD77F8561D2D930600F0CF42 /* interfaceLab3.xcdatamodeld */; };
		BD77F85A1D2D930600F0CF42 /* Assets.xcassets in Resources */ = {isa = PBXBuildFile; fileRef = BD77F8591D2D930600F0CF42 /* Assets.xcassets */; };
		BD77F85D1D2D930600F0CF42 /* LaunchScreen.storyboard in Resources */ = {isa = PBXBuildFile; fileRef = BD77F85B1D2D930600F0CF42 /* LaunchScreen.storyboard */; };
/* End PBXBuildFile section */

/* Begin PBXFileReference section */
		BD77F84C1D2D930600F0CF42 /* interfaceLab3.app */ = {isa = PBXFileReference; explicitFileType = wrapper.application; includeInIndex = 0; path = interfaceLab3.app; sourceTree = BUILT_PRODUCTS_DIR; };
		BD77F84F1D2D930600F0CF42 /* AppDelegate.swift */ = {isa = PBXFileReference; lastKnownFileType = sourcecode.swift; path = AppDelegate.swift; sourceTree = "<group>"; };
		BD77F8511D2D930600F0CF42 /* ViewController.swift */ = {isa = PBXFileReference; lastKnownFileType = sourcecode.swift; path = ViewController.swift; sourceTree = "<group>"; };
		BD77F8541D2D930600F0CF42 /* Base */ = {isa = PBXFileReference; lastKnownFileType = file.storyboard; name = Base; path = Base.lproj/Main.storyboard; sourceTree = "<group>"; };
		BD77F8571D2D930600F0CF42 /* interfaceLab3.xcdatamodel */ = {isa = PBXFileReference; lastKnownFileType = wrapper.xcdatamodel; path = interfaceLab3.xcdatamodel; sourceTree = "<group>"; };
		BD77F8591D2D930600F0CF42 /* Assets.xcassets */ = {isa = PBXFileReference; lastKnownFileType = folder.assetcatalog; path = Assets.xcassets; sourceTree = "<group>"; };
		BD77F85C1D2D930600F0CF42 /* Base */ = {isa = PBXFileReference; lastKnownFileType = file.storyboard; name = Base; path = Base.lproj/LaunchScreen.storyboard; sourceTree = "<group>"; };
		BD77F85E1D2D930600F0CF42 /* Info.plist */ = {isa = PBXFileReference; lastKnownFileType = text.plist.xml; path = Info.plist; sourceTree = "<group>"; };
/* End PBXFileReference section */

/* Begin PBXFrameworksBuildPhase section */
		BD77F8491D2D930600F0CF42 /* Frameworks */ = {
			isa = PBXFrameworksBuildPhase;
			buildActionMask = 2147483647;
			files = (
			);
			runOnlyForDeploymentPostprocessing = 0;
		};
/* End PBXFrameworksBuildPhase section */

/* Begin PBXGroup section */
		BD77F8431D2D930600F0CF42 = {
			isa = PBXGroup;
			children = (
				BD77F84E1D2D930600F0CF42 /* interfaceLab3 */,
				BD77F84D1D2D930600F0CF42 /* Products */,
			);
			sourceTree = "<group>";
		};
		BD77F84D1D2D930600F0CF42 /* Products */ = {
			isa = PBXGroup;
			children = (
				BD77F84C1D2D930600F0CF42 /* interfaceLab3.app */,
			);
			name = Products;
			sourceTree = "<group>";
		};
		BD77F84E1D2D930600F0CF42 /* interfaceLab3 */ = {
			isa = PBXGroup;
			children = (
				BD77F84F1D2D930600F0CF42 /* AppDelegate.swift */,
				BD77F8511D2D930600F0CF42 /* ViewController.swift */,
				BD77F8531D2D930600F0CF42 /* Main.storyboard */,
				BD77F8591D2D930600F0CF42 /* Assets.xcassets */,
				BD77F85B1D2D930600F0CF42 /* LaunchScreen.storyboard */,
				BD77F85E1D2D930600F0CF42 /* Info.plist */,
				BD77F8561D2D930600F0CF42 /* interfaceLab3.xcdatamodeld */,
			);
			path = interfaceLab3;
			sourceTree = "<group>";
		};
/* End PBXGroup section */

/* Begin PBXNativeTarget section */
		BD77F84B1D2D930600F0CF42 /* interfaceLab3 */ = {
			isa = PBXNativeTarget;
			buildConfigurationList = BD77F8611D2D930600F0CF42 /* Build configuration list for PBXNativeTarget "interfaceLab3" */;
			buildPhases = (
				BD77F8481D2D930600F0CF42 /* Sources */,
				BD77F8491D2D930600F0CF42 /* Frameworks */,
				BD77F84A1D2D930600F0CF42 /* Resources */,
			);
			buildRules = (
			);
			dependencies = (
			);
			name = interfaceLab3;
			productName = interfaceLab3;
			productReference = BD77F84C1D2D930600F0CF42 /* interfaceLab3.app */;
			productType = "com.apple.product-type.application";
		};
/* End PBXNativeTarget section */

/* Begin PBXProject section */
		BD77F8441D2D930600F0CF42 /* Project object */ = {
			isa = PBXProject;
			attributes = {
				LastSwiftUpdateCheck = 0730;
				LastUpgradeCheck = 0730;
				ORGANIZATIONNAME = "Colin Walsh";
				TargetAttributes = {
					BD77F84B1D2D930600F0CF42 = {
						CreatedOnToolsVersion = 7.3;
					};
				};
			};
			buildConfigurationList = BD77F8471D2D930600F0CF42 /* Build configuration list for PBXProject "interfaceLab3" */;
			compatibilityVersion = "Xcode 3.2";
			developmentRegion = English;
			hasScannedForEncodings = 0;
			knownRegions = (
				en,
				Base,
			);
			mainGroup = BD77F8431D2D930600F0CF42;
			productRefGroup = BD77F84D1D2D930600F0CF42 /* Products */;
			projectDirPath = "";
			projectRoot = "";
			targets = (
				BD77F84B1D2D930600F0CF42 /* interfaceLab3 */,
			);
		};
/* End PBXProject section */

/* Begin PBXResourcesBuildPhase section */
		BD77F84A1D2D930600F0CF42 /* Resources */ = {
			isa = PBXResourcesBuildPhase;
			buildActionMask = 2147483647;
			files = (
				BD77F85D1D2D930600F0CF42 /* LaunchScreen.storyboard in Resources */,
				BD77F85A1D2D930600F0CF42 /* Assets.xcassets in Resources */,
				BD77F8551D2D930600F0CF42 /* Main.storyboard in Resources */,
			);
			runOnlyForDeploymentPostprocessing = 0;
		};
/* End PBXResourcesBuildPhase section */

/* Begin PBXSourcesBuildPhase section */
		BD77F8481D2D930600F0CF42 /* Sources */ = {
			isa = PBXSourcesBuildPhase;
			buildActionMask = 2147483647;
			files = (
				BD77F8581D2D930600F0CF42 /* interfaceLab3.xcdatamodeld in Sources */,
				BD77F8521D2D930600F0CF42 /* ViewController.swift in Sources */,
				BD77F8501D2D930600F0CF42 /* AppDelegate.swift in Sources */,
			);
			runOnlyForDeploymentPostprocessing = 0;
		};
/* End PBXSourcesBuildPhase section */

/* Begin PBXVariantGroup section */
		BD77F8531D2D930600F0CF42 /* Main.storyboard */ = {
			isa = PBXVariantGroup;
			children = (
				BD77F8541D2D930600F0CF42 /* Base */,
			);
			name = Main.storyboard;
			sourceTree = "<group>";
		};
		BD77F85B1D2D930600F0CF42 /* LaunchScreen.storyboard */ = {
			isa = PBXVariantGroup;
			children = (
				BD77F85C1D2D930600F0CF42 /* Base */,
			);
			name = LaunchScreen.storyboard;
			sourceTree = "<group>";
		};
/* End PBXVariantGroup section */

/* Begin XCBuildConfiguration section */
		BD77F85F1D2D930600F0CF42 /* Debug */ = {
			isa = XCBuildConfiguration;
			buildSettings = {
				ALWAYS_SEARCH_USER_PATHS = NO;
				CLANG_ANALYZER_NONNULL = YES;
				CLANG_CXX_LANGUAGE_STANDARD = "gnu++0x";
				CLANG_CXX_LIBRARY = "libc++";
				CLANG_ENABLE_MODULES = YES;
				CLANG_ENABLE_OBJC_ARC = YES;
				CLANG_WARN_BOOL_CONVERSION = YES;
				CLANG_WARN_CONSTANT_CONVERSION = YES;
				CLANG_WARN_DIRECT_OBJC_ISA_USAGE = YES_ERROR;
				CLANG_WARN_EMPTY_BODY = YES;
				CLANG_WARN_ENUM_CONVERSION = YES;
				CLANG_WARN_INT_CONVERSION = YES;
				CLANG_WARN_OBJC_ROOT_CLASS = YES_ERROR;
				CLANG_WARN_UNREACHABLE_CODE = YES;
				CLANG_WARN__DUPLICATE_METHOD_MATCH = YES;
				"CODE_SIGN_IDENTITY[sdk=iphoneos*]" = "iPhone Developer";
				COPY_PHASE_STRIP = NO;
				DEBUG_INFORMATION_FORMAT = dwarf;
				ENABLE_STRICT_OBJC_MSGSEND = YES;
				ENABLE_TESTABILITY = YES;
				GCC_C_LANGUAGE_STANDARD = gnu99;
				GCC_DYNAMIC_NO_PIC = NO;
				GCC_NO_COMMON_BLOCKS = YES;
				GCC_OPTIMIZATION_LEVEL = 0;
				GCC_PREPROCESSOR_DEFINITIONS = (
					"DEBUG=1",
					"$(inherited)",
				);
				GCC_WARN_64_TO_32_BIT_CONVERSION = YES;
				GCC_WARN_ABOUT_RETURN_TYPE = YES_ERROR;
				GCC_WARN_UNDECLARED_SELECTOR = YES;
				GCC_WARN_UNINITIALIZED_AUTOS = YES_AGGRESSIVE;
				GCC_WARN_UNUSED_FUNCTION = YES;
				GCC_WARN_UNUSED_VARIABLE = YES;
				IPHONEOS_DEPLOYMENT_TARGET = 9.3;
				MTL_ENABLE_DEBUG_INFO = YES;
				ONLY_ACTIVE_ARCH = YES;
				SDKROOT = iphoneos;
				SWIFT_OPTIMIZATION_LEVEL = "-Onone";
			};
			name = Debug;
		};
		BD77F8601D2D930600F0CF42 /* Release */ = {
			isa = XCBuildConfiguration;
			buildSettings = {
				ALWAYS_SEARCH_USER_PATHS = NO;
				CLANG_ANALYZER_NONNULL = YES;
				CLANG_CXX_LANGUAGE_STANDARD = "gnu++0x";
				CLANG_CXX_LIBRARY = "libc++";
				CLANG_ENABLE_MODULES = YES;
				CLANG_ENABLE_OBJC_ARC = YES;
				CLANG_WARN_BOOL_CONVERSION = YES;
				CLANG_WARN_CONSTANT_CONVERSION = YES;
				CLANG_WARN_DIRECT_OBJC_ISA_USAGE = YES_ERROR;
				CLANG_WARN_EMPTY_BODY = YES;
				CLANG_WARN_ENUM_CONVERSION = YES;
				CLANG_WARN_INT_CONVERSION = YES;
				CLANG_WARN_OBJC_ROOT_CLASS = YES_ERROR;
				CLANG_WARN_UNREACHABLE_CODE = YES;
				CLANG_WARN__DUPLICATE_METHOD_MATCH = YES;
				"CODE_SIGN_IDENTITY[sdk=iphoneos*]" = "iPhone Developer";
				COPY_PHASE_STRIP = NO;
				DEBUG_INFORMATION_FORMAT = "dwarf-with-dsym";
				ENABLE_NS_ASSERTIONS = NO;
				ENABLE_STRICT_OBJC_MSGSEND = YES;
				GCC_C_LANGUAGE_STANDARD = gnu99;
				GCC_NO_COMMON_BLOCKS = YES;
				GCC_WARN_64_TO_32_BIT_CONVERSION = YES;
				GCC_WARN_ABOUT_RETURN_TYPE = YES_ERROR;
				GCC_WARN_UNDECLARED_SELECTOR = YES;
				GCC_WARN_UNINITIALIZED_AUTOS = YES_AGGRESSIVE;
				GCC_WARN_UNUSED_FUNCTION = YES;
				GCC_WARN_UNUSED_VARIABLE = YES;
				IPHONEOS_DEPLOYMENT_TARGET = 9.3;
				MTL_ENABLE_DEBUG_INFO = NO;
				SDKROOT = iphoneos;
				VALIDATE_PRODUCT = YES;
			};
			name = Release;
		};
		BD77F8621D2D930600F0CF42 /* Debug */ = {
			isa = XCBuildConfiguration;
			buildSettings = {
				ASSETCATALOG_COMPILER_APPICON_NAME = AppIcon;
				INFOPLIST_FILE = interfaceLab3/Info.plist;
				LD_RUNPATH_SEARCH_PATHS = "$(inherited) @executable_path/Frameworks";
				PRODUCT_BUNDLE_IDENTIFIER = com.Slick.interfaceLab3;
				PRODUCT_NAME = "$(TARGET_NAME)";
			};
			name = Debug;
		};
		BD77F8631D2D930600F0CF42 /* Release */ = {
			isa = XCBuildConfiguration;
			buildSettings = {
				ASSETCATALOG_COMPILER_APPICON_NAME = AppIcon;
				INFOPLIST_FILE = interfaceLab3/Info.plist;
				LD_RUNPATH_SEARCH_PATHS = "$(inherited) @executable_path/Frameworks";
				PRODUCT_BUNDLE_IDENTIFIER = com.Slick.interfaceLab3;
				PRODUCT_NAME = "$(TARGET_NAME)";
			};
			name = Release;
		};
/* End XCBuildConfiguration section */

/* Begin XCConfigurationList section */
		BD77F8471D2D930600F0CF42 /* Build configuration list for PBXProject "interfaceLab3" */ = {
			isa = XCConfigurationList;
			buildConfigurations = (
				BD77F85F1D2D930600F0CF42 /* Debug */,
				BD77F8601D2D930600F0CF42 /* Release */,
			);
			defaultConfigurationIsVisible = 0;
			defaultConfigurationName = Release;
		};
		BD77F8611D2D930600F0CF42 /* Build configuration list for PBXNativeTarget "interfaceLab3" */ = {
			isa = XCConfigurationList;
			buildConfigurations = (
				BD77F8621D2D930600F0CF42 /* Debug */,
				BD77F8631D2D930600F0CF42 /* Release */,
			);
			defaultConfigurationIsVisible = 0;
		};
/* End XCConfigurationList section */

/* Begin XCVersionGroup section */
		BD77F8561D2D930600F0CF42 /* interfaceLab3.xcdatamodeld */ = {
			isa = XCVersionGroup;
			children = (
				BD77F8571D2D930600F0CF42 /* interfaceLab3.xcdatamodel */,
			);
			currentVersion = BD77F8571D2D930600F0CF42 /* interfaceLab3.xcdatamodel */;
			path = interfaceLab3.xcdatamodeld;
			sourceTree = "<group>";
			versionGroupType = wrapper.xcdatamodel;
		};
/* End XCVersionGroup section */
	};
	rootObject = BD77F8441D2D930600F0CF42 /* Project object */;
}
